
Microsoft Visual Studio Solution File, Format Version 12.00
# Visual Studio Version 17
VisualStudioVersion = 17.7.34031.279
MinimumVisualStudioVersion = 10.0.40219.1
Project("{9A19103F-16F7-4668-BE54-9A1E7A4F7556}") = "PruebaTecnica.Service", "PruebaTecnica.Service\PruebaTecnica.Service.csproj", "{52B8F329-5615-4F7C-85C2-AF40E28FF186}"
EndProject
Project("{9A19103F-16F7-4668-BE54-9A1E7A4F7556}") = "PruebaTecnica.DAL", "PruebaTecnica.DAL\PruebaTecnica.DAL.csproj", "{68A06A6C-B12A-4D58-AA65-99A022C81A70}"
EndProject
Project("{9A19103F-16F7-4668-BE54-9A1E7A4F7556}") = "PruebaTecnica.DAL.Test", "PruebaTecnica.DAL.Test\PruebaTecnica.DAL.Test.csproj", "{BAFB044E-80E5-41FD-A508-21F6B40A3E9F}"
EndProject
Project("{FAE04EC0-301F-11D3-BF4B-00C04F79EFBC}") = "PruebaTecnica.Service.Test", "PruebaTecnica.Service.Test\PruebaTecnica.Service.Test.csproj", "{33439B3B-326D-46E8-BA1D-7144E5304DD0}"
EndProject
Global
	GlobalSection(SolutionConfigurationPlatforms) = preSolution
		Debug|Any CPU = Debug|Any CPU
		Release|Any CPU = Release|Any CPU
	EndGlobalSection
	GlobalSection(ProjectConfigurationPlatforms) = postSolution
		{52B8F329-5615-4F7C-85C2-AF40E28FF186}.Debug|Any CPU.ActiveCfg = Debug|Any CPU
		{52B8F329-5615-4F7C-85C2-AF40E28FF186}.Debug|Any CPU.Build.0 = Debug|Any CPU
		{52B8F329-5615-4F7C-85C2-AF40E28FF186}.Release|Any CPU.ActiveCfg = Release|Any CPU
		{52B8F329-5615-4F7C-85C2-AF40E28FF186}.Release|Any CPU.Build.0 = Release|Any CPU
		{68A06A6C-B12A-4D58-AA65-99A022C81A70}.Debug|Any CPU.ActiveCfg = Debug|Any CPU
		{68A06A6C-B12A-4D58-AA65-99A022C81A70}.Debug|Any CPU.Build.0 = Debug|Any CPU
		{68A06A6C-B12A-4D58-AA65-99A022C81A70}.Release|Any CPU.ActiveCfg = Release|Any CPU
		{68A06A6C-B12A-4D58-AA65-99A022C81A70}.Release|Any CPU.Build.0 = Release|Any CPU
		{BAFB044E-80E5-41FD-A508-21F6B40A3E9F}.Debug|Any CPU.ActiveCfg = Debug|Any CPU
		{BAFB044E-80E5-41FD-A508-21F6B40A3E9F}.Debug|Any CPU.Build.0 = Debug|Any CPU
		{BAFB044E-80E5-41FD-A508-21F6B40A3E9F}.Release|Any CPU.ActiveCfg = Release|Any CPU
		{BAFB044E-80E5-41FD-A508-21F6B40A3E9F}.Release|Any CPU.Build.0 = Release|Any CPU
		{33439B3B-326D-46E8-BA1D-7144E5304DD0}.Debug|Any CPU.ActiveCfg = Debug|Any CPU
		{33439B3B-326D-46E8-BA1D-7144E5304DD0}.Debug|Any CPU.Build.0 = Debug|Any CPU
		{33439B3B-326D-46E8-BA1D-7144E5304DD0}.Release|Any CPU.ActiveCfg = Release|Any CPU
		{33439B3B-326D-46E8-BA1D-7144E5304DD0}.Release|Any CPU.Build.0 = Release|Any CPU
	EndGlobalSection
	GlobalSection(SolutionProperties) = preSolution
		HideSolutionNode = FALSE
	EndGlobalSection
	GlobalSection(ExtensibilityGlobals) = postSolution
		SolutionGuid = {DC493644-6495-4D5E-9CEC-235F1BDD031E}
	EndGlobalSection
EndGlobal
